
Microsoft Visual Studio Solution File, Format Version 12.00
# Visual Studio Version 17
VisualStudioVersion = 17.10.35027.167
MinimumVisualStudioVersion = 10.0.40219.1
Project("{FAE04EC0-301F-11D3-BF4B-00C04F79EFBC}") = "TaskAssign", "TaskAssign\TaskAssign.csproj", "{DB6DD47B-1F7C-4197-8BA7-CB6A62C65211}"
EndProject
Global
	GlobalSection(SolutionConfigurationPlatforms) = preSolution
		Debug|Any CPU = Debug|Any CPU
		Release|Any CPU = Release|Any CPU
	EndGlobalSection
	GlobalSection(ProjectConfigurationPlatforms) = postSolution
		{DB6DD47B-1F7C-4197-8BA7-CB6A62C65211}.Debug|Any CPU.ActiveCfg = Debug|Any CPU
		{DB6DD47B-1F7C-4197-8BA7-CB6A62C65211}.Debug|Any CPU.Build.0 = Debug|Any CPU
		{DB6DD47B-1F7C-4197-8BA7-CB6A62C65211}.Release|Any CPU.ActiveCfg = Release|Any CPU
		{DB6DD47B-1F7C-4197-8BA7-CB6A62C65211}.Release|Any CPU.Build.0 = Release|Any CPU
	EndGlobalSection
	GlobalSection(SolutionProperties) = preSolution
		HideSolutionNode = FALSE
	EndGlobalSection
	GlobalSection(ExtensibilityGlobals) = postSolution
		SolutionGuid = {DE5C96F9-53AA-4A93-A2CE-53D22400D447}
	EndGlobalSection
EndGlobal
